
Microsoft Visual Studio Solution File, Format Version 12.00
# Visual Studio Version 16
VisualStudioVersion = 16.0.29230.47
MinimumVisualStudioVersion = 10.0.40219.1
Project("{8BC9CEB8-8B4A-11D0-8D11-00A0C91BC942}") = "Watermellon", "Watermellon.vcxproj", "{AA84CBB3-BE94-4AD6-A40C-8C871AB8571B}"
EndProject
Project("{8BC9CEB8-8B4A-11D0-8D11-00A0C91BC942}") = "TestWaterMellonClient", "..\TestWaterMellonClient\TestWaterMellonClient.vcxproj", "{0DEE68D8-1AC3-46BC-AAFF-302649F349A7}"
EndProject
Global
	GlobalSection(SolutionConfigurationPlatforms) = preSolution
		Debug|x64 = Debug|x64
		Debug|x86 = Debug|x86
		Release|x64 = Release|x64
		Release|x86 = Release|x86
	EndGlobalSection
	GlobalSection(ProjectConfigurationPlatforms) = postSolution
		{AA84CBB3-BE94-4AD6-A40C-8C871AB8571B}.Debug|x64.ActiveCfg = Debug|x64
		{AA84CBB3-BE94-4AD6-A40C-8C871AB8571B}.Debug|x64.Build.0 = Debug|x64
		{AA84CBB3-BE94-4AD6-A40C-8C871AB8571B}.Debug|x86.ActiveCfg = Debug|Win32
		{AA84CBB3-BE94-4AD6-A40C-8C871AB8571B}.Debug|x86.Build.0 = Debug|Win32
		{AA84CBB3-BE94-4AD6-A40C-8C871AB8571B}.Release|x64.ActiveCfg = Release|x64
		{AA84CBB3-BE94-4AD6-A40C-8C871AB8571B}.Release|x64.Build.0 = Release|x64
		{AA84CBB3-BE94-4AD6-A40C-8C871AB8571B}.Release|x86.ActiveCfg = Release|Win32
		{AA84CBB3-BE94-4AD6-A40C-8C871AB8571B}.Release|x86.Build.0 = Release|Win32
		{0DEE68D8-1AC3-46BC-AAFF-302649F349A7}.Debug|x64.ActiveCfg = Debug|x64
		{0DEE68D8-1AC3-46BC-AAFF-302649F349A7}.Debug|x64.Build.0 = Debug|x64
		{0DEE68D8-1AC3-46BC-AAFF-302649F349A7}.Debug|x86.ActiveCfg = Debug|Win32
		{0DEE68D8-1AC3-46BC-AAFF-302649F349A7}.Debug|x86.Build.0 = Debug|Win32
		{0DEE68D8-1AC3-46BC-AAFF-302649F349A7}.Release|x64.ActiveCfg = Release|x64
		{0DEE68D8-1AC3-46BC-AAFF-302649F349A7}.Release|x64.Build.0 = Release|x64
		{0DEE68D8-1AC3-46BC-AAFF-302649F349A7}.Release|x86.ActiveCfg = Release|Win32
		{0DEE68D8-1AC3-46BC-AAFF-302649F349A7}.Release|x86.Build.0 = Release|Win32
	EndGlobalSection
	GlobalSection(SolutionProperties) = preSolution
		HideSolutionNode = FALSE
	EndGlobalSection
	GlobalSection(ExtensibilityGlobals) = postSolution
		SolutionGuid = {0999362B-6F75-4240-8CD1-672644BA8668}
	EndGlobalSection
EndGlobal
